
Microsoft Visual Studio Solution File, Format Version 12.00
# Visual Studio 2013
VisualStudioVersion = 12.0.21005.1
MinimumVisualStudioVersion = 10.0.40219.1
Project("{FAE04EC0-301F-11D3-BF4B-00C04F79EFBC}") = "DrawLineInArcGIS", "DrawLineInArcGIS\DrawLineInArcGIS.csproj", "{8AC62E9F-E511-4643-BB30-0BA6B516066A}"
EndProject
Project("{FAE04EC0-301F-11D3-BF4B-00C04F79EFBC}") = "Hykj.GISModule", "Hykj.Isoline\Hykj.GISModule.csproj", "{2E2FC908-EFA1-4E48-B66B-463D9187A054}"
EndProject
Project("{FAE04EC0-301F-11D3-BF4B-00C04F79EFBC}") = "Hykj.BaseMethods", "Hykj.BaseMethods\Hykj.BaseMethods.csproj", "{C789562B-263D-4B5D-8A19-F7122116E7EF}"
EndProject
Project("{FAE04EC0-301F-11D3-BF4B-00C04F79EFBC}") = "TestIsoband", "TestIsoband\TestIsoband.csproj", "{5E91B541-BAF2-4F71-A4B2-AA99C76874F1}"
EndProject
Global
	GlobalSection(SolutionConfigurationPlatforms) = preSolution
		Debug|Any CPU = Debug|Any CPU
		Release|Any CPU = Release|Any CPU
	EndGlobalSection
	GlobalSection(ProjectConfigurationPlatforms) = postSolution
		{8AC62E9F-E511-4643-BB30-0BA6B516066A}.Debug|Any CPU.ActiveCfg = Debug|Any CPU
		{8AC62E9F-E511-4643-BB30-0BA6B516066A}.Debug|Any CPU.Build.0 = Debug|Any CPU
		{8AC62E9F-E511-4643-BB30-0BA6B516066A}.Release|Any CPU.ActiveCfg = Release|Any CPU
		{8AC62E9F-E511-4643-BB30-0BA6B516066A}.Release|Any CPU.Build.0 = Release|Any CPU
		{2E2FC908-EFA1-4E48-B66B-463D9187A054}.Debug|Any CPU.ActiveCfg = Debug|Any CPU
		{2E2FC908-EFA1-4E48-B66B-463D9187A054}.Debug|Any CPU.Build.0 = Debug|Any CPU
		{2E2FC908-EFA1-4E48-B66B-463D9187A054}.Release|Any CPU.ActiveCfg = Release|Any CPU
		{2E2FC908-EFA1-4E48-B66B-463D9187A054}.Release|Any CPU.Build.0 = Release|Any CPU
		{C789562B-263D-4B5D-8A19-F7122116E7EF}.Debug|Any CPU.ActiveCfg = Debug|Any CPU
		{C789562B-263D-4B5D-8A19-F7122116E7EF}.Debug|Any CPU.Build.0 = Debug|Any CPU
		{C789562B-263D-4B5D-8A19-F7122116E7EF}.Release|Any CPU.ActiveCfg = Release|Any CPU
		{C789562B-263D-4B5D-8A19-F7122116E7EF}.Release|Any CPU.Build.0 = Release|Any CPU
		{5E91B541-BAF2-4F71-A4B2-AA99C76874F1}.Debug|Any CPU.ActiveCfg = Debug|Any CPU
		{5E91B541-BAF2-4F71-A4B2-AA99C76874F1}.Debug|Any CPU.Build.0 = Debug|Any CPU
		{5E91B541-BAF2-4F71-A4B2-AA99C76874F1}.Release|Any CPU.ActiveCfg = Release|Any CPU
		{5E91B541-BAF2-4F71-A4B2-AA99C76874F1}.Release|Any CPU.Build.0 = Release|Any CPU
	EndGlobalSection
	GlobalSection(SolutionProperties) = preSolution
		HideSolutionNode = FALSE
	EndGlobalSection
EndGlobal
